
Microsoft Visual Studio Solution File, Format Version 12.00
# Visual Studio 15
VisualStudioVersion = 15.0.28010.2041
MinimumVisualStudioVersion = 10.0.40219.1
Project("{FAE04EC0-301F-11D3-BF4B-00C04F79EFBC}") = "project1", "project1\project1.csproj", "{BD356712-31B3-485C-99CC-8EEA83177558}"
EndProject
Global
	GlobalSection(SolutionConfigurationPlatforms) = preSolution
		Debug|Any CPU = Debug|Any CPU
		Release|Any CPU = Release|Any CPU
	EndGlobalSection
	GlobalSection(ProjectConfigurationPlatforms) = postSolution
		{BD356712-31B3-485C-99CC-8EEA83177558}.Debug|Any CPU.ActiveCfg = Debug|Any CPU
		{BD356712-31B3-485C-99CC-8EEA83177558}.Debug|Any CPU.Build.0 = Debug|Any CPU
		{BD356712-31B3-485C-99CC-8EEA83177558}.Release|Any CPU.ActiveCfg = Release|Any CPU
		{BD356712-31B3-485C-99CC-8EEA83177558}.Release|Any CPU.Build.0 = Release|Any CPU
	EndGlobalSection
	GlobalSection(SolutionProperties) = preSolution
		HideSolutionNode = FALSE
	EndGlobalSection
	GlobalSection(ExtensibilityGlobals) = postSolution
		SolutionGuid = {E9F9B9C8-B55C-4E91-A242-9F21AA75DBB2}
	EndGlobalSection
EndGlobal
